
Microsoft Visual Studio Solution File, Format Version 12.00
# Visual Studio Version 17
VisualStudioVersion = 17.8.34330.188
MinimumVisualStudioVersion = 10.0.40219.1
Project("{FAE04EC0-301F-11D3-BF4B-00C04F79EFBC}") = "CalendarLab", "CalendarLab.csproj", "{81482C7C-E090-41C8-8380-E6138B9A7813}"
EndProject
Global
	GlobalSection(SolutionConfigurationPlatforms) = preSolution
		Debug|Any CPU = Debug|Any CPU
		Release|Any CPU = Release|Any CPU
	EndGlobalSection
	GlobalSection(ProjectConfigurationPlatforms) = postSolution
		{81482C7C-E090-41C8-8380-E6138B9A7813}.Debug|Any CPU.ActiveCfg = Debug|Any CPU
		{81482C7C-E090-41C8-8380-E6138B9A7813}.Debug|Any CPU.Build.0 = Debug|Any CPU
		{81482C7C-E090-41C8-8380-E6138B9A7813}.Release|Any CPU.ActiveCfg = Release|Any CPU
		{81482C7C-E090-41C8-8380-E6138B9A7813}.Release|Any CPU.Build.0 = Release|Any CPU
	EndGlobalSection
	GlobalSection(SolutionProperties) = preSolution
		HideSolutionNode = FALSE
	EndGlobalSection
	GlobalSection(ExtensibilityGlobals) = postSolution
		SolutionGuid = {4974286B-0CA8-4393-89A4-65825B496B4A}
	EndGlobalSection
EndGlobal
